{"filter":false,"title":"Gemfile.lock","tooltip":"/Lootblog/Gemfile.lock","undoManager":{"mark":-1,"position":-1,"stack":[]},"ace":{"folds":[],"scrolltop":2597,"scrollleft":0,"selection":{"start":{"row":0,"column":0},"end":{"row":0,"column":0},"isBackwards":false},"options":{"guessTabSize":true,"useWrapMode":false,"wrapToView":true},"firstLineState":0},"timestamp":1583290198755,"hash":"bc16b932b8b41f2046cfbfb96c5f06244b786efa"}